
Microsoft Visual Studio Solution File, Format Version 12.00
# Visual Studio 15
VisualStudioVersion = 15.0.28010.2036
MinimumVisualStudioVersion = 10.0.40219.1
Project("{F184B08F-C81C-45F6-A57F-5ABD9991F28F}") = "ConsoleSwitchCase", "ConsoleSwitchCase\ConsoleSwitchCase.vbproj", "{AEF11153-351F-4AD8-88E2-400258FE0C66}"
EndProject
Global
	GlobalSection(SolutionConfigurationPlatforms) = preSolution
		Debug|Any CPU = Debug|Any CPU
		Release|Any CPU = Release|Any CPU
	EndGlobalSection
	GlobalSection(ProjectConfigurationPlatforms) = postSolution
		{AEF11153-351F-4AD8-88E2-400258FE0C66}.Debug|Any CPU.ActiveCfg = Debug|Any CPU
		{AEF11153-351F-4AD8-88E2-400258FE0C66}.Debug|Any CPU.Build.0 = Debug|Any CPU
		{AEF11153-351F-4AD8-88E2-400258FE0C66}.Release|Any CPU.ActiveCfg = Release|Any CPU
		{AEF11153-351F-4AD8-88E2-400258FE0C66}.Release|Any CPU.Build.0 = Release|Any CPU
	EndGlobalSection
	GlobalSection(SolutionProperties) = preSolution
		HideSolutionNode = FALSE
	EndGlobalSection
	GlobalSection(ExtensibilityGlobals) = postSolution
		SolutionGuid = {ACFAD94B-612A-4644-B1B4-88A227B15ABB}
	EndGlobalSection
EndGlobal
