
Microsoft Visual Studio Solution File, Format Version 12.00
# Visual Studio 15
VisualStudioVersion = 15.0.28010.2036
MinimumVisualStudioVersion = 10.0.40219.1
Project("{F184B08F-C81C-45F6-A57F-5ABD9991F28F}") = "PolimorfismoAbstraccion2", "PolimorfismoAbstraccion2\PolimorfismoAbstraccion2.vbproj", "{F1A3BA55-C805-46D8-9230-22C53FA4C731}"
EndProject
Global
	GlobalSection(SolutionConfigurationPlatforms) = preSolution
		Debug|Any CPU = Debug|Any CPU
		Release|Any CPU = Release|Any CPU
	EndGlobalSection
	GlobalSection(ProjectConfigurationPlatforms) = postSolution
		{F1A3BA55-C805-46D8-9230-22C53FA4C731}.Debug|Any CPU.ActiveCfg = Debug|Any CPU
		{F1A3BA55-C805-46D8-9230-22C53FA4C731}.Debug|Any CPU.Build.0 = Debug|Any CPU
		{F1A3BA55-C805-46D8-9230-22C53FA4C731}.Release|Any CPU.ActiveCfg = Release|Any CPU
		{F1A3BA55-C805-46D8-9230-22C53FA4C731}.Release|Any CPU.Build.0 = Release|Any CPU
	EndGlobalSection
	GlobalSection(SolutionProperties) = preSolution
		HideSolutionNode = FALSE
	EndGlobalSection
	GlobalSection(ExtensibilityGlobals) = postSolution
		SolutionGuid = {49CEC88C-FC67-439F-B561-26C30F69F555}
	EndGlobalSection
EndGlobal
