
Microsoft Visual Studio Solution File, Format Version 12.00
# Visual Studio 15
VisualStudioVersion = 15.0.28010.2036
MinimumVisualStudioVersion = 10.0.40219.1
Project("{F184B08F-C81C-45F6-A57F-5ABD9991F28F}") = "prograBienvenido", "prograBienvenido\prograBienvenido.vbproj", "{C0DBF911-5944-413C-BD5C-AA3A582E3C36}"
EndProject
Global
	GlobalSection(SolutionConfigurationPlatforms) = preSolution
		Debug|Any CPU = Debug|Any CPU
		Release|Any CPU = Release|Any CPU
	EndGlobalSection
	GlobalSection(ProjectConfigurationPlatforms) = postSolution
		{C0DBF911-5944-413C-BD5C-AA3A582E3C36}.Debug|Any CPU.ActiveCfg = Debug|Any CPU
		{C0DBF911-5944-413C-BD5C-AA3A582E3C36}.Debug|Any CPU.Build.0 = Debug|Any CPU
		{C0DBF911-5944-413C-BD5C-AA3A582E3C36}.Release|Any CPU.ActiveCfg = Release|Any CPU
		{C0DBF911-5944-413C-BD5C-AA3A582E3C36}.Release|Any CPU.Build.0 = Release|Any CPU
	EndGlobalSection
	GlobalSection(SolutionProperties) = preSolution
		HideSolutionNode = FALSE
	EndGlobalSection
	GlobalSection(ExtensibilityGlobals) = postSolution
		SolutionGuid = {0C9E8AE0-5611-466F-AEB9-9FBA01251B39}
	EndGlobalSection
EndGlobal
